<?xml version="1.0" encoding="utf-8"?>
<Project ToolsVersion="4.0" xmlns="http://schemas.microsoft.com/developer/msbuild/2003">
  <ItemGroup>
    <Filter Include="Source Files">
      <UniqueIdentifier>{4FC737F1-C7A5-4376-A066-2A32D752A2FF}</UniqueIdentifier>
      <Extensions>cpp;c;cc;cxx;c++;cppm;ixx;def;odl;idl;hpj;bat;asm;asmx</Extensions>
    </Filter>
    <Filter Include="Header Files">
      <UniqueIdentifier>{93995380-89BD-4b04-88EB-625FBE52EBFB}</UniqueIdentifier>
      <Extensions>h;hh;hpp;hxx;h++;hm;inl;inc;ipp;xsd</Extensions>
    </Filter>
    <Filter Include="Resource Files">
      <UniqueIdentifier>{67DA6AB6-F800-4c08-8B7A-83BB121AAD01}</UniqueIdentifier>
      <Extensions>rc;ico;cur;bmp;dlg;rc2;rct;bin;rgs;gif;jpg;jpeg;jpe;resx;tiff;tif;png;wav;mfcribbon-ms</Extensions>
    </Filter>
  </ItemGroup>
  <ItemGroup>
    <ClCompile Include="课课通.cpp">
      <Filter>Source Files</Filter>
    </ClCompile>
    <ClCompile Include="第1单元.cpp">
      <Filter>Source Files</Filter>
    </ClCompile>
    <ClCompile Include="第2单元.cpp">
      <Filter>Source Files</Filter>
    </ClCompile>
    <ClCompile Include="第3单元.cpp">
      <Filter>Source Files</Filter>
    </ClCompile>
    <ClCompile Include="第7单元.cpp">
      <Filter>Source Files</Filter>
    </ClCompile>
    <ClCompile Include="第8单元指针.cpp">
      <Filter>Source Files</Filter>
    </ClCompile>
  </ItemGroup>
  <ItemGroup>
    <ClInclude Include="第1单元.h">
      <Filter>Header Files</Filter>
    </ClInclude>
    <ClInclude Include="第2单元.h">
      <Filter>Header Files</Filter>
    </ClInclude>
    <ClInclude Include="第3单元.h">
      <Filter>Header Files</Filter>
    </ClInclude>
    <ClInclude Include="第7单元.h">
      <Filter>Header Files</Filter>
    </ClInclude>
    <ClInclude Include="第8单元指针.h">
      <Filter>Header Files</Filter>
    </ClInclude>
  </ItemGroup>
  <ItemGroup>
    <None Include="data.in">
      <Filter>Resource Files</Filter>
    </None>
    <None Include="party.in">
      <Filter>Resource Files</Filter>
    </None>
    <None Include="party.out">
      <Filter>Resource Files</Filter>
    </None>
    <None Include="card.in">
      <Filter>Resource Files</Filter>
    </None>
    <None Include="card.out">
      <Filter>Resource Files</Filter>
    </None>
    <None Include="blah.in">
      <Filter>Resource Files</Filter>
    </None>
    <None Include="blah.out">
      <Filter>Resource Files</Filter>
    </None>
    <None Include="relationship.in">
      <Filter>Resource Files</Filter>
    </None>
    <None Include="relationship.out">
      <Filter>Resource Files</Filter>
    </None>
    <None Include="graph_bfs.in">
      <Filter>Resource Files</Filter>
    </None>
    <None Include="graph_bfs.out">
      <Filter>Resource Files</Filter>
    </None>
    <None Include="cal.in">
      <Filter>Resource Files</Filter>
    </None>
    <None Include="cal.out">
      <Filter>Resource Files</Filter>
    </None>
    <None Include="apple.in">
      <Filter>Resource Files</Filter>
    </None>
    <None Include="apple.out">
      <Filter>Resource Files</Filter>
    </None>
    <None Include="insert.in">
      <Filter>Resource Files</Filter>
    </None>
    <None Include="insert.out">
      <Filter>Resource Files</Filter>
    </None>
    <None Include="flag.in">
      <Filter>Resource Files</Filter>
    </None>
    <None Include="flag.out">
      <Filter>Resource Files</Filter>
    </None>
    <None Include="monkey.in">
      <Filter>Resource Files</Filter>
    </None>
    <None Include="monkey.out">
      <Filter>Resource Files</Filter>
    </None>
  </ItemGroup>
</Project>